// !$*UTF8*$!
{
	archiveVersion = 1;
	classes = {
	};
	objectVersion = 56;
	objects = {

/* Begin PBXBuildFile section */
		5C92A1E12922077F008429BB /* AppDelegate.swift in Sources */ = {isa = PBXBuildFile; fileRef = 5C92A1E02922077F008429BB /* AppDelegate.swift */; };
		5C92A1E32922077F008429BB /* SceneDelegate.swift in Sources */ = {isa = PBXBuildFile; fileRef = 5C92A1E22922077F008429BB /* SceneDelegate.swift */; };
		5C92A1E52922077F008429BB /* ViewController.swift in Sources */ = {isa = PBXBuildFile; fileRef = 5C92A1E42922077F008429BB /* ViewController.swift */; };
		5C92A1E82922077F008429BB /* Main.storyboard in Resources */ = {isa = PBXBuildFile; fileRef = 5C92A1E62922077F008429BB /* Main.storyboard */; };
		5C92A1EA29220782008429BB /* Assets.xcassets in Resources */ = {isa = PBXBuildFile; fileRef = 5C92A1E929220782008429BB /* Assets.xcassets */; };
		5C92A1ED29220782008429BB /* LaunchScreen.storyboard in Resources */ = {isa = PBXBuildFile; fileRef = 5C92A1EB29220782008429BB /* LaunchScreen.storyboard */; };
		5C92A1F829220782008429BB /* FriendZoneWithMVPTests.swift in Sources */ = {isa = PBXBuildFile; fileRef = 5C92A1F729220782008429BB /* FriendZoneWithMVPTests.swift */; };
		5C92A20229220782008429BB /* FriendZoneWithMVPUITests.swift in Sources */ = {isa = PBXBuildFile; fileRef = 5C92A20129220782008429BB /* FriendZoneWithMVPUITests.swift */; };
		5C92A20429220782008429BB /* FriendZoneWithMVPUITestsLaunchTests.swift in Sources */ = {isa = PBXBuildFile; fileRef = 5C92A20329220782008429BB /* FriendZoneWithMVPUITestsLaunchTests.swift */; };
/* End PBXBuildFile section */

/* Begin PBXContainerItemProxy section */
		5C92A1F429220782008429BB /* PBXContainerItemProxy */ = {
			isa = PBXContainerItemProxy;
			containerPortal = 5C92A1D52922077F008429BB /* Project object */;
			proxyType = 1;
			remoteGlobalIDString = 5C92A1DC2922077F008429BB;
			remoteInfo = FriendZoneWithMVP;
		};
		5C92A1FE29220782008429BB /* PBXContainerItemProxy */ = {
			isa = PBXContainerItemProxy;
			containerPortal = 5C92A1D52922077F008429BB /* Project object */;
			proxyType = 1;
			remoteGlobalIDString = 5C92A1DC2922077F008429BB;
			remoteInfo = FriendZoneWithMVP;
		};
/* End PBXContainerItemProxy section */

/* Begin PBXFileReference section */
		5C92A1DD2922077F008429BB /* FriendZoneWithMVP.app */ = {isa = PBXFileReference; explicitFileType = wrapper.application; includeInIndex = 0; path = FriendZoneWithMVP.app; sourceTree = BUILT_PRODUCTS_DIR; };
		5C92A1E02922077F008429BB /* AppDelegate.swift */ = {isa = PBXFileReference; lastKnownFileType = sourcecode.swift; path = AppDelegate.swift; sourceTree = "<group>"; };
		5C92A1E22922077F008429BB /* SceneDelegate.swift */ = {isa = PBXFileReference; lastKnownFileType = sourcecode.swift; path = SceneDelegate.swift; sourceTree = "<group>"; };
		5C92A1E42922077F008429BB /* ViewController.swift */ = {isa = PBXFileReference; lastKnownFileType = sourcecode.swift; path = ViewController.swift; sourceTree = "<group>"; };
		5C92A1E72922077F008429BB /* Base */ = {isa = PBXFileReference; lastKnownFileType = file.storyboard; name = Base; path = Base.lproj/Main.storyboard; sourceTree = "<group>"; };
		5C92A1E929220782008429BB /* Assets.xcassets */ = {isa = PBXFileReference; lastKnownFileType = folder.assetcatalog; path = Assets.xcassets; sourceTree = "<group>"; };
		5C92A1EC29220782008429BB /* Base */ = {isa = PBXFileReference; lastKnownFileType = file.storyboard; name = Base; path = Base.lproj/LaunchScreen.storyboard; sourceTree = "<group>"; };
		5C92A1EE29220782008429BB /* Info.plist */ = {isa = PBXFileReference; lastKnownFileType = text.plist.xml; path = Info.plist; sourceTree = "<group>"; };
		5C92A1F329220782008429BB /* FriendZoneWithMVPTests.xctest */ = {isa = PBXFileReference; explicitFileType = wrapper.cfbundle; includeInIndex = 0; path = FriendZoneWithMVPTests.xctest; sourceTree = BUILT_PRODUCTS_DIR; };
		5C92A1F729220782008429BB /* FriendZoneWithMVPTests.swift */ = {isa = PBXFileReference; lastKnownFileType = sourcecode.swift; path = FriendZoneWithMVPTests.swift; sourceTree = "<group>"; };
		5C92A1FD29220782008429BB /* FriendZoneWithMVPUITests.xctest */ = {isa = PBXFileReference; explicitFileType = wrapper.cfbundle; includeInIndex = 0; path = FriendZoneWithMVPUITests.xctest; sourceTree = BUILT_PRODUCTS_DIR; };
		5C92A20129220782008429BB /* FriendZoneWithMVPUITests.swift */ = {isa = PBXFileReference; lastKnownFileType = sourcecode.swift; path = FriendZoneWithMVPUITests.swift; sourceTree = "<group>"; };
		5C92A20329220782008429BB /* FriendZoneWithMVPUITestsLaunchTests.swift */ = {isa = PBXFileReference; lastKnownFileType = sourcecode.swift; path = FriendZoneWithMVPUITestsLaunchTests.swift; sourceTree = "<group>"; };
/* End PBXFileReference section */

/* Begin PBXFrameworksBuildPhase section */
		5C92A1DA2922077F008429BB /* Frameworks */ = {
			isa = PBXFrameworksBuildPhase;
			buildActionMask = 2147483647;
			files = (
			);
			runOnlyForDeploymentPostprocessing = 0;
		};
		5C92A1F029220782008429BB /* Frameworks */ = {
			isa = PBXFrameworksBuildPhase;
			buildActionMask = 2147483647;
			files = (
			);
			runOnlyForDeploymentPostprocessing = 0;
		};
		5C92A1FA29220782008429BB /* Frameworks */ = {
			isa = PBXFrameworksBuildPhase;
			buildActionMask = 2147483647;
			files = (
			);
			runOnlyForDeploymentPostprocessing = 0;
		};
/* End PBXFrameworksBuildPhase section */

/* Begin PBXGroup section */
		5C92A1D42922077F008429BB = {
			isa = PBXGroup;
			children = (
				5C92A1DF2922077F008429BB /* FriendZoneWithMVP */,
				5C92A1F629220782008429BB /* FriendZoneWithMVPTests */,
				5C92A20029220782008429BB /* FriendZoneWithMVPUITests */,
				5C92A1DE2922077F008429BB /* Products */,
			);
			sourceTree = "<group>";
		};
		5C92A1DE2922077F008429BB /* Products */ = {
			isa = PBXGroup;
			children = (
				5C92A1DD2922077F008429BB /* FriendZoneWithMVP.app */,
				5C92A1F329220782008429BB /* FriendZoneWithMVPTests.xctest */,
				5C92A1FD29220782008429BB /* FriendZoneWithMVPUITests.xctest */,
			);
			name = Products;
			sourceTree = "<group>";
		};
		5C92A1DF2922077F008429BB /* FriendZoneWithMVP */ = {
			isa = PBXGroup;
			children = (
				5C92A1E02922077F008429BB /* AppDelegate.swift */,
				5C92A1E22922077F008429BB /* SceneDelegate.swift */,
				5C92A1E42922077F008429BB /* ViewController.swift */,
				5C92A1E62922077F008429BB /* Main.storyboard */,
				5C92A1E929220782008429BB /* Assets.xcassets */,
				5C92A1EB29220782008429BB /* LaunchScreen.storyboard */,
				5C92A1EE29220782008429BB /* Info.plist */,
			);
			path = FriendZoneWithMVP;
			sourceTree = "<group>";
		};
		5C92A1F629220782008429BB /* FriendZoneWithMVPTests */ = {
			isa = PBXGroup;
			children = (
				5C92A1F729220782008429BB /* FriendZoneWithMVPTests.swift */,
			);
			path = FriendZoneWithMVPTests;
			sourceTree = "<group>";
		};
		5C92A20029220782008429BB /* FriendZoneWithMVPUITests */ = {
			isa = PBXGroup;
			children = (
				5C92A20129220782008429BB /* FriendZoneWithMVPUITests.swift */,
				5C92A20329220782008429BB /* FriendZoneWithMVPUITestsLaunchTests.swift */,
			);
			path = FriendZoneWithMVPUITests;
			sourceTree = "<group>";
		};
/* End PBXGroup section */

/* Begin PBXNativeTarget section */
		5C92A1DC2922077F008429BB /* FriendZoneWithMVP */ = {
			isa = PBXNativeTarget;
			buildConfigurationList = 5C92A20729220782008429BB /* Build configuration list for PBXNativeTarget "FriendZoneWithMVP" */;
			buildPhases = (
				5C92A1D92922077F008429BB /* Sources */,
				5C92A1DA2922077F008429BB /* Frameworks */,
				5C92A1DB2922077F008429BB /* Resources */,
			);
			buildRules = (
			);
			dependencies = (
			);
			name = FriendZoneWithMVP;
			productName = FriendZoneWithMVP;
			productReference = 5C92A1DD2922077F008429BB /* FriendZoneWithMVP.app */;
			productType = "com.apple.product-type.application";
		};
		5C92A1F229220782008429BB /* FriendZoneWithMVPTests */ = {
			isa = PBXNativeTarget;
			buildConfigurationList = 5C92A20A29220782008429BB /* Build configuration list for PBXNativeTarget "FriendZoneWithMVPTests" */;
			buildPhases = (
				5C92A1EF29220782008429BB /* Sources */,
				5C92A1F029220782008429BB /* Frameworks */,
				5C92A1F129220782008429BB /* Resources */,
			);
			buildRules = (
			);
			dependencies = (
				5C92A1F529220782008429BB /* PBXTargetDependency */,
			);
			name = FriendZoneWithMVPTests;
			productName = FriendZoneWithMVPTests;
			productReference = 5C92A1F329220782008429BB /* FriendZoneWithMVPTests.xctest */;
			productType = "com.apple.product-type.bundle.unit-test";
		};
		5C92A1FC29220782008429BB /* FriendZoneWithMVPUITests */ = {
			isa = PBXNativeTarget;
			buildConfigurationList = 5C92A20D29220782008429BB /* Build configuration list for PBXNativeTarget "FriendZoneWithMVPUITests" */;
			buildPhases = (
				5C92A1F929220782008429BB /* Sources */,
				5C92A1FA29220782008429BB /* Frameworks */,
				5C92A1FB29220782008429BB /* Resources */,
			);
			buildRules = (
			);
			dependencies = (
				5C92A1FF29220782008429BB /* PBXTargetDependency */,
			);
			name = FriendZoneWithMVPUITests;
			productName = FriendZoneWithMVPUITests;
			productReference = 5C92A1FD29220782008429BB /* FriendZoneWithMVPUITests.xctest */;
			productType = "com.apple.product-type.bundle.ui-testing";
		};
/* End PBXNativeTarget section */

/* Begin PBXProject section */
		5C92A1D52922077F008429BB /* Project object */ = {
			isa = PBXProject;
			attributes = {
				BuildIndependentTargetsInParallel = 1;
				LastSwiftUpdateCheck = 1410;
				LastUpgradeCheck = 1410;
				TargetAttributes = {
					5C92A1DC2922077F008429BB = {
						CreatedOnToolsVersion = 14.1;
					};
					5C92A1F229220782008429BB = {
						CreatedOnToolsVersion = 14.1;
						TestTargetID = 5C92A1DC2922077F008429BB;
					};
					5C92A1FC29220782008429BB = {
						CreatedOnToolsVersion = 14.1;
						TestTargetID = 5C92A1DC2922077F008429BB;
					};
				};
			};
			buildConfigurationList = 5C92A1D82922077F008429BB /* Build configuration list for PBXProject "FriendZoneWithMVP" */;
			compatibilityVersion = "Xcode 14.0";
			developmentRegion = en;
			hasScannedForEncodings = 0;
			knownRegions = (
				en,
				Base,
			);
			mainGroup = 5C92A1D42922077F008429BB;
			productRefGroup = 5C92A1DE2922077F008429BB /* Products */;
			projectDirPath = "";
			projectRoot = "";
			targets = (
				5C92A1DC2922077F008429BB /* FriendZoneWithMVP */,
				5C92A1F229220782008429BB /* FriendZoneWithMVPTests */,
				5C92A1FC29220782008429BB /* FriendZoneWithMVPUITests */,
			);
		};
/* End PBXProject section */

/* Begin PBXResourcesBuildPhase section */
		5C92A1DB2922077F008429BB /* Resources */ = {
			isa = PBXResourcesBuildPhase;
			buildActionMask = 2147483647;
			files = (
				5C92A1ED29220782008429BB /* LaunchScreen.storyboard in Resources */,
				5C92A1EA29220782008429BB /* Assets.xcassets in Resources */,
				5C92A1E82922077F008429BB /* Main.storyboard in Resources */,
			);
			runOnlyForDeploymentPostprocessing = 0;
		};
		5C92A1F129220782008429BB /* Resources */ = {
			isa = PBXResourcesBuildPhase;
			buildActionMask = 2147483647;
			files = (
			);
			runOnlyForDeploymentPostprocessing = 0;
		};
		5C92A1FB29220782008429BB /* Resources */ = {
			isa = PBXResourcesBuildPhase;
			buildActionMask = 2147483647;
			files = (
			);
			runOnlyForDeploymentPostprocessing = 0;
		};
/* End PBXResourcesBuildPhase section */

/* Begin PBXSourcesBuildPhase section */
		5C92A1D92922077F008429BB /* Sources */ = {
			isa = PBXSourcesBuildPhase;
			buildActionMask = 2147483647;
			files = (
				5C92A1E52922077F008429BB /* ViewController.swift in Sources */,
				5C92A1E12922077F008429BB /* AppDelegate.swift in Sources */,
				5C92A1E32922077F008429BB /* SceneDelegate.swift in Sources */,
			);
			runOnlyForDeploymentPostprocessing = 0;
		};
		5C92A1EF29220782008429BB /* Sources */ = {
			isa = PBXSourcesBuildPhase;
			buildActionMask = 2147483647;
			files = (
				5C92A1F829220782008429BB /* FriendZoneWithMVPTests.swift in Sources */,
			);
			runOnlyForDeploymentPostprocessing = 0;
		};
		5C92A1F929220782008429BB /* Sources */ = {
			isa = PBXSourcesBuildPhase;
			buildActionMask = 2147483647;
			files = (
				5C92A20429220782008429BB /* FriendZoneWithMVPUITestsLaunchTests.swift in Sources */,
				5C92A20229220782008429BB /* FriendZoneWithMVPUITests.swift in Sources */,
			);
			runOnlyForDeploymentPostprocessing = 0;
		};
/* End PBXSourcesBuildPhase section */

/* Begin PBXTargetDependency section */
		5C92A1F529220782008429BB /* PBXTargetDependency */ = {
			isa = PBXTargetDependency;
			target = 5C92A1DC2922077F008429BB /* FriendZoneWithMVP */;
			targetProxy = 5C92A1F429220782008429BB /* PBXContainerItemProxy */;
		};
		5C92A1FF29220782008429BB /* PBXTargetDependency */ = {
			isa = PBXTargetDependency;
			target = 5C92A1DC2922077F008429BB /* FriendZoneWithMVP */;
			targetProxy = 5C92A1FE29220782008429BB /* PBXContainerItemProxy */;
		};
/* End PBXTargetDependency section */

/* Begin PBXVariantGroup section */
		5C92A1E62922077F008429BB /* Main.storyboard */ = {
			isa = PBXVariantGroup;
			children = (
				5C92A1E72922077F008429BB /* Base */,
			);
			name = Main.storyboard;
			sourceTree = "<group>";
		};
		5C92A1EB29220782008429BB /* LaunchScreen.storyboard */ = {
			isa = PBXVariantGroup;
			children = (
				5C92A1EC29220782008429BB /* Base */,
			);
			name = LaunchScreen.storyboard;
			sourceTree = "<group>";
		};
/* End PBXVariantGroup section */

/* Begin XCBuildConfiguration section */
		5C92A20529220782008429BB /* Debug */ = {
			isa = XCBuildConfiguration;
			buildSettings = {
				ALWAYS_SEARCH_USER_PATHS = NO;
				CLANG_ANALYZER_NONNULL = YES;
				CLANG_ANALYZER_NUMBER_OBJECT_CONVERSION = YES_AGGRESSIVE;
				CLANG_CXX_LANGUAGE_STANDARD = "gnu++20";
				CLANG_ENABLE_MODULES = YES;
				CLANG_ENABLE_OBJC_ARC = YES;
				CLANG_ENABLE_OBJC_WEAK = YES;
				CLANG_WARN_BLOCK_CAPTURE_AUTORELEASING = YES;
				CLANG_WARN_BOOL_CONVERSION = YES;
				CLANG_WARN_COMMA = YES;
				CLANG_WARN_CONSTANT_CONVERSION = YES;
				CLANG_WARN_DEPRECATED_OBJC_IMPLEMENTATIONS = YES;
				CLANG_WARN_DIRECT_OBJC_ISA_USAGE = YES_ERROR;
				CLANG_WARN_DOCUMENTATION_COMMENTS = YES;
				CLANG_WARN_EMPTY_BODY = YES;
				CLANG_WARN_ENUM_CONVERSION = YES;
				CLANG_WARN_INFINITE_RECURSION = YES;
				CLANG_WARN_INT_CONVERSION = YES;
				CLANG_WARN_NON_LITERAL_NULL_CONVERSION = YES;
				CLANG_WARN_OBJC_IMPLICIT_RETAIN_SELF = YES;
				CLANG_WARN_OBJC_LITERAL_CONVERSION = YES;
				CLANG_WARN_OBJC_ROOT_CLASS = YES_ERROR;
				CLANG_WARN_QUOTED_INCLUDE_IN_FRAMEWORK_HEADER = YES;
				CLANG_WARN_RANGE_LOOP_ANALYSIS = YES;
				CLANG_WARN_STRICT_PROTOTYPES = YES;
				CLANG_WARN_SUSPICIOUS_MOVE = YES;
				CLANG_WARN_UNGUARDED_AVAILABILITY = YES_AGGRESSIVE;
				CLANG_WARN_UNREACHABLE_CODE = YES;
				CLANG_WARN__DUPLICATE_METHOD_MATCH = YES;
				COPY_PHASE_STRIP = NO;
				DEBUG_INFORMATION_FORMAT = dwarf;
				ENABLE_STRICT_OBJC_MSGSEND = YES;
				ENABLE_TESTABILITY = YES;
				GCC_C_LANGUAGE_STANDARD = gnu11;
				GCC_DYNAMIC_NO_PIC = NO;
				GCC_NO_COMMON_BLOCKS = YES;
				GCC_OPTIMIZATION_LEVEL = 0;
				GCC_PREPROCESSOR_DEFINITIONS = (
					"DEBUG=1",
					"$(inherited)",
				);
				GCC_WARN_64_TO_32_BIT_CONVERSION = YES;
				GCC_WARN_ABOUT_RETURN_TYPE = YES_ERROR;
				GCC_WARN_UNDECLARED_SELECTOR = YES;
				GCC_WARN_UNINITIALIZED_AUTOS = YES_AGGRESSIVE;
				GCC_WARN_UNUSED_FUNCTION = YES;
				GCC_WARN_UNUSED_VARIABLE = YES;
				IPHONEOS_DEPLOYMENT_TARGET = 16.1;
				MTL_ENABLE_DEBUG_INFO = INCLUDE_SOURCE;
				MTL_FAST_MATH = YES;
				ONLY_ACTIVE_ARCH = YES;
				SDKROOT = iphoneos;
				SWIFT_ACTIVE_COMPILATION_CONDITIONS = DEBUG;
				SWIFT_OPTIMIZATION_LEVEL = "-Onone";
			};
			name = Debug;
		};
		5C92A20629220782008429BB /* Release */ = {
			isa = XCBuildConfiguration;
			buildSettings = {
				ALWAYS_SEARCH_USER_PATHS = NO;
				CLANG_ANALYZER_NONNULL = YES;
				CLANG_ANALYZER_NUMBER_OBJECT_CONVERSION = YES_AGGRESSIVE;
				CLANG_CXX_LANGUAGE_STANDARD = "gnu++20";
				CLANG_ENABLE_MODULES = YES;
				CLANG_ENABLE_OBJC_ARC = YES;
				CLANG_ENABLE_OBJC_WEAK = YES;
				CLANG_WARN_BLOCK_CAPTURE_AUTORELEASING = YES;
				CLANG_WARN_BOOL_CONVERSION = YES;
				CLANG_WARN_COMMA = YES;
				CLANG_WARN_CONSTANT_CONVERSION = YES;
				CLANG_WARN_DEPRECATED_OBJC_IMPLEMENTATIONS = YES;
				CLANG_WARN_DIRECT_OBJC_ISA_USAGE = YES_ERROR;
				CLANG_WARN_DOCUMENTATION_COMMENTS = YES;
				CLANG_WARN_EMPTY_BODY = YES;
				CLANG_WARN_ENUM_CONVERSION = YES;
				CLANG_WARN_INFINITE_RECURSION = YES;
				CLANG_WARN_INT_CONVERSION = YES;
				CLANG_WARN_NON_LITERAL_NULL_CONVERSION = YES;
				CLANG_WARN_OBJC_IMPLICIT_RETAIN_SELF = YES;
				CLANG_WARN_OBJC_LITERAL_CONVERSION = YES;
				CLANG_WARN_OBJC_ROOT_CLASS = YES_ERROR;
				CLANG_WARN_QUOTED_INCLUDE_IN_FRAMEWORK_HEADER = YES;
				CLANG_WARN_RANGE_LOOP_ANALYSIS = YES;
				CLANG_WARN_STRICT_PROTOTYPES = YES;
				CLANG_WARN_SUSPICIOUS_MOVE = YES;
				CLANG_WARN_UNGUARDED_AVAILABILITY = YES_AGGRESSIVE;
				CLANG_WARN_UNREACHABLE_CODE = YES;
				CLANG_WARN__DUPLICATE_METHOD_MATCH = YES;
				COPY_PHASE_STRIP = NO;
				DEBUG_INFORMATION_FORMAT = "dwarf-with-dsym";
				ENABLE_NS_ASSERTIONS = NO;
				ENABLE_STRICT_OBJC_MSGSEND = YES;
				GCC_C_LANGUAGE_STANDARD = gnu11;
				GCC_NO_COMMON_BLOCKS = YES;
				GCC_WARN_64_TO_32_BIT_CONVERSION = YES;
				GCC_WARN_ABOUT_RETURN_TYPE = YES_ERROR;
				GCC_WARN_UNDECLARED_SELECTOR = YES;
				GCC_WARN_UNINITIALIZED_AUTOS = YES_AGGRESSIVE;
				GCC_WARN_UNUSED_FUNCTION = YES;
				GCC_WARN_UNUSED_VARIABLE = YES;
				IPHONEOS_DEPLOYMENT_TARGET = 16.1;
				MTL_ENABLE_DEBUG_INFO = NO;
				MTL_FAST_MATH = YES;
				SDKROOT = iphoneos;
				SWIFT_COMPILATION_MODE = wholemodule;
				SWIFT_OPTIMIZATION_LEVEL = "-O";
				VALIDATE_PRODUCT = YES;
			};
			name = Release;
		};
		5C92A20829220782008429BB /* Debug */ = {
			isa = XCBuildConfiguration;
			buildSettings = {
				ASSETCATALOG_COMPILER_APPICON_NAME = AppIcon;
				ASSETCATALOG_COMPILER_GLOBAL_ACCENT_COLOR_NAME = AccentColor;
				CODE_SIGN_STYLE = Automatic;
				CURRENT_PROJECT_VERSION = 1;
				DEVELOPMENT_TEAM = 98YQ7MXK2M;
				GENERATE_INFOPLIST_FILE = YES;
				INFOPLIST_FILE = FriendZoneWithMVP/Info.plist;
				INFOPLIST_KEY_UIApplicationSupportsIndirectInputEvents = YES;
				INFOPLIST_KEY_UILaunchStoryboardName = LaunchScreen;
				INFOPLIST_KEY_UIMainStoryboardFile = Main;
				INFOPLIST_KEY_UISupportedInterfaceOrientations_iPad = "UIInterfaceOrientationPortrait UIInterfaceOrientationPortraitUpsideDown UIInterfaceOrientationLandscapeLeft UIInterfaceOrientationLandscapeRight";
				INFOPLIST_KEY_UISupportedInterfaceOrientations_iPhone = "UIInterfaceOrientationPortrait UIInterfaceOrientationLandscapeLeft UIInterfaceOrientationLandscapeRight";
				LD_RUNPATH_SEARCH_PATHS = (
					"$(inherited)",
					"@executable_path/Frameworks",
				);
				MARKETING_VERSION = 1.0;
				PRODUCT_BUNDLE_IDENTIFIER = ArtOz.FriendZoneWithMVP;
				PRODUCT_NAME = "$(TARGET_NAME)";
				SWIFT_EMIT_LOC_STRINGS = YES;
				SWIFT_VERSION = 5.0;
				TARGETED_DEVICE_FAMILY = "1,2";
			};
			name = Debug;
		};
		5C92A20929220782008429BB /* Release */ = {
			isa = XCBuildConfiguration;
			buildSettings = {
				ASSETCATALOG_COMPILER_APPICON_NAME = AppIcon;
				ASSETCATALOG_COMPILER_GLOBAL_ACCENT_COLOR_NAME = AccentColor;
				CODE_SIGN_STYLE = Automatic;
				CURRENT_PROJECT_VERSION = 1;
				DEVELOPMENT_TEAM = 98YQ7MXK2M;
				GENERATE_INFOPLIST_FILE = YES;
				INFOPLIST_FILE = FriendZoneWithMVP/Info.plist;
				INFOPLIST_KEY_UIApplicationSupportsIndirectInputEvents = YES;
				INFOPLIST_KEY_UILaunchStoryboardName = LaunchScreen;
				INFOPLIST_KEY_UIMainStoryboardFile = Main;
				INFOPLIST_KEY_UISupportedInterfaceOrientations_iPad = "UIInterfaceOrientationPortrait UIInterfaceOrientationPortraitUpsideDown UIInterfaceOrientationLandscapeLeft UIInterfaceOrientationLandscapeRight";
				INFOPLIST_KEY_UISupportedInterfaceOrientations_iPhone = "UIInterfaceOrientationPortrait UIInterfaceOrientationLandscapeLeft UIInterfaceOrientationLandscapeRight";
				LD_RUNPATH_SEARCH_PATHS = (
					"$(inherited)",
					"@executable_path/Frameworks",
				);
				MARKETING_VERSION = 1.0;
				PRODUCT_BUNDLE_IDENTIFIER = ArtOz.FriendZoneWithMVP;
				PRODUCT_NAME = "$(TARGET_NAME)";
				SWIFT_EMIT_LOC_STRINGS = YES;
				SWIFT_VERSION = 5.0;
				TARGETED_DEVICE_FAMILY = "1,2";
			};
			name = Release;
		};
		5C92A20B29220782008429BB /* Debug */ = {
			isa = XCBuildConfiguration;
			buildSettings = {
				ALWAYS_EMBED_SWIFT_STANDARD_LIBRARIES = YES;
				BUNDLE_LOADER = "$(TEST_HOST)";
				CODE_SIGN_STYLE = Automatic;
				CURRENT_PROJECT_VERSION = 1;
				DEVELOPMENT_TEAM = 98YQ7MXK2M;
				GENERATE_INFOPLIST_FILE = YES;
				IPHONEOS_DEPLOYMENT_TARGET = 16.1;
				MARKETING_VERSION = 1.0;
				PRODUCT_BUNDLE_IDENTIFIER = ArtOz.FriendZoneWithMVPTests;
				PRODUCT_NAME = "$(TARGET_NAME)";
				SWIFT_EMIT_LOC_STRINGS = NO;
				SWIFT_VERSION = 5.0;
				TARGETED_DEVICE_FAMILY = "1,2";
				TEST_HOST = "$(BUILT_PRODUCTS_DIR)/FriendZoneWithMVP.app/$(BUNDLE_EXECUTABLE_FOLDER_PATH)/FriendZoneWithMVP";
			};
			name = Debug;
		};
		5C92A20C29220782008429BB /* Release */ = {
			isa = XCBuildConfiguration;
			buildSettings = {
				ALWAYS_EMBED_SWIFT_STANDARD_LIBRARIES = YES;
				BUNDLE_LOADER = "$(TEST_HOST)";
				CODE_SIGN_STYLE = Automatic;
				CURRENT_PROJECT_VERSION = 1;
				DEVELOPMENT_TEAM = 98YQ7MXK2M;
				GENERATE_INFOPLIST_FILE = YES;
				IPHONEOS_DEPLOYMENT_TARGET = 16.1;
				MARKETING_VERSION = 1.0;
				PRODUCT_BUNDLE_IDENTIFIER = ArtOz.FriendZoneWithMVPTests;
				PRODUCT_NAME = "$(TARGET_NAME)";
				SWIFT_EMIT_LOC_STRINGS = NO;
				SWIFT_VERSION = 5.0;
				TARGETED_DEVICE_FAMILY = "1,2";
				TEST_HOST = "$(BUILT_PRODUCTS_DIR)/FriendZoneWithMVP.app/$(BUNDLE_EXECUTABLE_FOLDER_PATH)/FriendZoneWithMVP";
			};
			name = Release;
		};
		5C92A20E29220782008429BB /* Debug */ = {
			isa = XCBuildConfiguration;
			buildSettings = {
				ALWAYS_EMBED_SWIFT_STANDARD_LIBRARIES = YES;
				CODE_SIGN_STYLE = Automatic;
				CURRENT_PROJECT_VERSION = 1;
				DEVELOPMENT_TEAM = 98YQ7MXK2M;
				GENERATE_INFOPLIST_FILE = YES;
				MARKETING_VERSION = 1.0;
				PRODUCT_BUNDLE_IDENTIFIER = ArtOz.FriendZoneWithMVPUITests;
				PRODUCT_NAME = "$(TARGET_NAME)";
				SWIFT_EMIT_LOC_STRINGS = NO;
				SWIFT_VERSION = 5.0;
				TARGETED_DEVICE_FAMILY = "1,2";
				TEST_TARGET_NAME = FriendZoneWithMVP;
			};
			name = Debug;
		};
		5C92A20F29220782008429BB /* Release */ = {
			isa = XCBuildConfiguration;
			buildSettings = {
				ALWAYS_EMBED_SWIFT_STANDARD_LIBRARIES = YES;
				CODE_SIGN_STYLE = Automatic;
				CURRENT_PROJECT_VERSION = 1;
				DEVELOPMENT_TEAM = 98YQ7MXK2M;
				GENERATE_INFOPLIST_FILE = YES;
				MARKETING_VERSION = 1.0;
				PRODUCT_BUNDLE_IDENTIFIER = ArtOz.FriendZoneWithMVPUITests;
				PRODUCT_NAME = "$(TARGET_NAME)";
				SWIFT_EMIT_LOC_STRINGS = NO;
				SWIFT_VERSION = 5.0;
				TARGETED_DEVICE_FAMILY = "1,2";
				TEST_TARGET_NAME = FriendZoneWithMVP;
			};
			name = Release;
		};
/* End XCBuildConfiguration section */

/* Begin XCConfigurationList section */
		5C92A1D82922077F008429BB /* Build configuration list for PBXProject "FriendZoneWithMVP" */ = {
			isa = XCConfigurationList;
			buildConfigurations = (
				5C92A20529220782008429BB /* Debug */,
				5C92A20629220782008429BB /* Release */,
			);
			defaultConfigurationIsVisible = 0;
			defaultConfigurationName = Release;
		};
		5C92A20729220782008429BB /* Build configuration list for PBXNativeTarget "FriendZoneWithMVP" */ = {
			isa = XCConfigurationList;
			buildConfigurations = (
				5C92A20829220782008429BB /* Debug */,
				5C92A20929220782008429BB /* Release */,
			);
			defaultConfigurationIsVisible = 0;
			defaultConfigurationName = Release;
		};
		5C92A20A29220782008429BB /* Build configuration list for PBXNativeTarget "FriendZoneWithMVPTests" */ = {
			isa = XCConfigurationList;
			buildConfigurations = (
				5C92A20B29220782008429BB /* Debug */,
				5C92A20C29220782008429BB /* Release */,
			);
			defaultConfigurationIsVisible = 0;
			defaultConfigurationName = Release;
		};
		5C92A20D29220782008429BB /* Build configuration list for PBXNativeTarget "FriendZoneWithMVPUITests" */ = {
			isa = XCConfigurationList;
			buildConfigurations = (
				5C92A20E29220782008429BB /* Debug */,
				5C92A20F29220782008429BB /* Release */,
			);
			defaultConfigurationIsVisible = 0;
			defaultConfigurationName = Release;
		};
/* End XCConfigurationList section */
	};
	rootObject = 5C92A1D52922077F008429BB /* Project object */;
}
